dependencies:
- name: kagent-tools
  repository: oci://ghcr.io/kagent-dev/tools/helm
  version: 0.0.11
- name: querydoc
  repository: file://../tools/querydoc
  version: 0.6.5
- name: k8s-agent
  repository: file://../agents/k8s
  version: 0.6.5
- name: kgateway-agent
  repository: file://../agents/kgateway
  version: 0.6.5
- name: istio-agent
  repository: file://../agents/istio
  version: 0.6.5
- name: promql-agent
  repository: file://../agents/promql
  version: 0.6.5
- name: observability-agent
  repository: file://../agents/observability
  version: 0.6.5
- name: argo-rollouts-agent
  repository: file://../agents/argo-rollouts
  version: 0.6.5
- name: helm-agent
  repository: file://../agents/helm
  version: 0.6.5
- name: cilium-policy-agent
  repository: file://../agents/cilium-policy
  version: 0.6.5
- name: cilium-manager-agent
  repository: file://../agents/cilium-manager
  version: 0.6.5
- name: cilium-debug-agent
  repository: file://../agents/cilium-debug
  version: 0.6.5
digest: sha256:ef9d35f1af8c61288c7e73c994413122d6e95363491eaf21595858e0bb3c4390
generated: "2025-08-26T17:13:26.659224512Z"
